{
  "name": "lambda-code-update",
  "version": "1.0.0",
  "lockfileVersion": 1,
  "requires": true,
  "dependencies": {
    "@types/adm-zip": {
      "version": "0.4.32",
      "resolved": "https://registry.npmjs.org/@types/adm-zip/-/adm-zip-0.4.32.tgz",
      "integrity": "sha512-hv1O7ySn+XvP5OeDQcJFWwVb2v+GFGO1A9aMTQ5B/bzxb7WW21O8iRhVdsKKr8QwuiagzGmPP+gsUAYZ6bRddQ==",
      "dev": true,
      "requires": {
        "@types/node": "*"
      }
    },
    "@types/node": {
      "version": "12.0.8",
      "resolved": "https://registry.npmjs.org/@types/node/-/node-12.0.8.tgz",
      "integrity": "sha512-b8bbUOTwzIY3V5vDTY1fIJ+ePKDUBqt2hC2woVGotdQQhG/2Sh62HOKHrT7ab+VerXAcPyAiTEipPu/FsreUtg==",
      "dev": true
    },
    "adm-zip": {
      "version": "0.4.13",
      "resolved": "https://registry.npmjs.org/adm-zip/-/adm-zip-0.4.13.tgz",
      "integrity": "sha512-fERNJX8sOXfel6qCBCMPvZLzENBEhZTzKqg6vrOW5pvoEaQuJhRU4ndTAh6lHOxn1I6jnz2NHra56ZODM751uw=="
    },
    "axios": {
      "version": "0.21.1",
      "resolved": "https://registry.npmjs.org/axios/-/axios-0.21.1.tgz",
      "integrity": "sha512-dKQiRHxGD9PPRIUNIWvZhPTPpl1rf/OxTYKsqKUDjBwYylTvV7SjSHJb9ratfyzM6wCdLCOYLzs73qpg5c4iGA==",
      "requires": {
        "follow-redirects": "^1.10.0"
      }
    },
    "follow-redirects": {
      "version": "1.13.1",
      "resolved": "https://registry.npmjs.org/follow-redirects/-/follow-redirects-1.13.1.tgz",
      "integrity": "sha512-SSG5xmZh1mkPGyKzjZP8zLjltIfpW32Y5QpdNJyjcfGxK3qo3NDDkZOZSFiGn1A6SclQxY9GzEwAHQ3dmYRWpg=="
    }
  }
}
